
Microsoft Visual Studio Solution File, Format Version 12.00
# Visual Studio Version 17
VisualStudioVersion = 17.6.33815.320
MinimumVisualStudioVersion = 10.0.40219.1
Project("{E24C65DC-7377-472B-9ABA-BC803B73C61A}") = "resumeform", "http://localhost:51121", "{082B94DE-BD95-4AD6-9086-180871818CF3}"
	ProjectSection(WebsiteProperties) = preProject
		UseIISExpress = "true"
		TargetFrameworkMoniker = ".NETFramework,Version%3Dv4.8"
		Debug.AspNetCompiler.VirtualPath = "/localhost_51121"
		Debug.AspNetCompiler.PhysicalPath = "C:\Users\Vaibhav Mishra\Documents\My Web Sites\resumeform\"
		Debug.AspNetCompiler.TargetPath = "PrecompiledWeb\localhost_51121\"
		Debug.AspNetCompiler.Updateable = "true"
		Debug.AspNetCompiler.ForceOverwrite = "true"
		Debug.AspNetCompiler.FixedNames = "false"
		Debug.AspNetCompiler.Debug = "True"
		Release.AspNetCompiler.VirtualPath = "/localhost_51121"
		Release.AspNetCompiler.PhysicalPath = "C:\Users\Vaibhav Mishra\Documents\My Web Sites\resumeform\"
		Release.AspNetCompiler.TargetPath = "PrecompiledWeb\localhost_51121\"
		Release.AspNetCompiler.Updateable = "true"
		Release.AspNetCompiler.ForceOverwrite = "true"
		Release.AspNetCompiler.FixedNames = "false"
		Release.AspNetCompiler.Debug = "False"
		SlnRelativePath = "C:\Users\Vaibhav Mishra\Documents\My Web Sites\resumeform\"
	EndProjectSection
EndProject
Global
	GlobalSection(SolutionConfigurationPlatforms) = preSolution
		Debug|Any CPU = Debug|Any CPU
	EndGlobalSection
	GlobalSection(ProjectConfigurationPlatforms) = postSolution
		{082B94DE-BD95-4AD6-9086-180871818CF3}.Debug|Any CPU.ActiveCfg = Debug|Any CPU
		{082B94DE-BD95-4AD6-9086-180871818CF3}.Debug|Any CPU.Build.0 = Debug|Any CPU
	EndGlobalSection
	GlobalSection(SolutionProperties) = preSolution
		HideSolutionNode = FALSE
	EndGlobalSection
	GlobalSection(ExtensibilityGlobals) = postSolution
		SolutionGuid = {9172C5C2-F930-4FC3-BA51-61E96CCB41A4}
	EndGlobalSection
EndGlobal
