
Microsoft Visual Studio Solution File, Format Version 12.00
# Visual Studio Version 17
VisualStudioVersion = 17.6.33829.357
MinimumVisualStudioVersion = 10.0.40219.1
Project("{FAE04EC0-301F-11D3-BF4B-00C04F79EFBC}") = "calendar control", "calendar control\calendar control.csproj", "{860E182F-BD48-4519-A2A7-740588462661}"
EndProject
Global
	GlobalSection(SolutionConfigurationPlatforms) = preSolution
		Debug|Any CPU = Debug|Any CPU
		Release|Any CPU = Release|Any CPU
	EndGlobalSection
	GlobalSection(ProjectConfigurationPlatforms) = postSolution
		{860E182F-BD48-4519-A2A7-740588462661}.Debug|Any CPU.ActiveCfg = Debug|Any CPU
		{860E182F-BD48-4519-A2A7-740588462661}.Debug|Any CPU.Build.0 = Debug|Any CPU
		{860E182F-BD48-4519-A2A7-740588462661}.Release|Any CPU.ActiveCfg = Release|Any CPU
		{860E182F-BD48-4519-A2A7-740588462661}.Release|Any CPU.Build.0 = Release|Any CPU
	EndGlobalSection
	GlobalSection(SolutionProperties) = preSolution
		HideSolutionNode = FALSE
	EndGlobalSection
	GlobalSection(ExtensibilityGlobals) = postSolution
		SolutionGuid = {16D8A412-77F0-449D-9BDB-F7264F8CA6C7}
	EndGlobalSection
EndGlobal
